github.com/gentlemanautomaton/winguid v0.0.0-20220427170015-dca4ed96ff1e h1:Rqegg26JRg2GJNvtYEW3Kf3IdLgiDiunY1tku2guLmA=
github.com/gentlemanautomaton/winguid v0.0.0-20220427170015-dca4ed96ff1e/go.mod h1:hiMd8D+YuuQPw7s3OFmd/kxyuMTrSNEjCSC3r6AGjV4=
golang.org/x/sys v0.0.0-20220811171246-fbc7d0a398ab h1:2QkjZIsXupsJbJIdSjjUOgWK3aEtzyuh2mPt3l/CkeU=
golang.org/x/sys v0.0.0-20220811171246-fbc7d0a398ab/go.mod h1:oPkhp1MJrh7nUepCBck5+mAzfO9JrbApNNgaTdGDITg=
